github.com/FortAwesome/Font-Awesome v0.0.0-20260715180930-14c65a3747d0 h1:4+bB2ojsMTsQroHtQr1FWy2gxFzpBn5hISldeRfxF+o=
github.com/FortAwesome/Font-Awesome v0.0.0-20260715180930-14c65a3747d0/go.mod h1:IUgezN/MFpCDIlFezw3L8j83oeiIuYoj28Miwr/KUYo=
github.com/airbnb/lottie-web v5.13.0+incompatible h1:plBV5Uq/F1kK0EC61Hr0cBGReI9OgUfd/pp0baoDX8o=
github.com/airbnb/lottie-web v5.13.0+incompatible/go.mod h1:nTss557UK9FGnp8QYlCMO29tjUHwbdAHG/DprbGfHGE=
github.com/gethinode/mod-bootstrap v1.4.0 h1:tvcpK574YoLtSSN8KkICWVT07Jdust6ppVDj8R6Zuh0=
github.com/gethinode/mod-bootstrap v1.4.0/go.mod h1:CxrYCFzKtBMz3YWG5i/d5jHKCgvUo60NFcCmz2mxCjQ=
github.com/gethinode/mod-bootstrap v1.5.0 h1:vpcbnNA315kClDeWviL/4yWKt1k1oaxI7Z8HxcoHnpQ=
github.com/gethinode/mod-bootstrap v1.5.0/go.mod h1:CxrYCFzKtBMz3YWG5i/d5jHKCgvUo60NFcCmz2mxCjQ=
github.com/gethinode/mod-csp v1.0.12 h1:6CaIH3IBn92lcwMFdYPmmWsPKq+VZ6n9Po8FI26jLJc=
github.com/gethinode/mod-csp v1.0.12/go.mod h1:Nb22QMicoUHgZQUKP5TCgVrSI8K3KU7jLuLBShmotjg=
github.com/gethinode/mod-csp v1.0.13 h1:d1lJTl6/ooPYYQEa/Trn3O4cWx70yV1GYBi9ctGNYrU=
github.com/gethinode/mod-csp v1.0.13/go.mod h1:Nb22QMicoUHgZQUKP5TCgVrSI8K3KU7jLuLBShmotjg=
github.com/gethinode/mod-csp v1.0.14 h1:9lzgaGrLhLoOy1AnQrUrry+HBR5cfGinHEFCj5Xa1Vk=
github.com/gethinode/mod-csp v1.0.14/go.mod h1:Nb22QMicoUHgZQUKP5TCgVrSI8K3KU7jLuLBShmotjg=
github.com/gethinode/mod-flexsearch/v5 v5.2.0 h1:4v22TTZefDcwUkwlL1kPkS3IZ2ENax5t+bx0n8pWHWY=
github.com/gethinode/mod-flexsearch/v5 v5.2.0/go.mod h1:bo51LbCcYROomghgAWpH3w6EYSe8ZtdqrPSB6C/DZaA=
github.com/gethinode/mod-flexsearch/v5 v5.3.0 h1:sXrzPRRPLHwI9dXcTTpFOnwqXvCa+5MCo/SpekEdDdo=
github.com/gethinode/mod-flexsearch/v5 v5.3.0/go.mod h1:bo51LbCcYROomghgAWpH3w6EYSe8ZtdqrPSB6C/DZaA=
github.com/gethinode/mod-flexsearch/v5 v5.3.2 h1:GiWAgVEFHzaLwlmeVIx6oXr8JyVqg54NT0b3AnA4WF8=
github.com/gethinode/mod-flexsearch/v5 v5.3.2/go.mod h1:LDnuQhxaX9DzGFCHhAI4N7SjbdtVQWUwXAx2KZPxfhM=
github.com/gethinode/mod-fontawesome/v6 v6.1.1 h1:k5Jy7nA+YfLZ9YqXH8hyaiw9wjAeOxNEUcnu6fynnJo=
github.com/gethinode/mod-fontawesome/v6 v6.1.1/go.mod h1:875OBk5te+KBJmr0PdSkFcduYnsKCuHWfcaqChh9NGo=
github.com/gethinode/mod-fontawesome/v6 v6.1.2 h1:zlxmKqYGpZeCxMMMfpZywKjuPj/XI4m8Ocea+YHoF74=
github.com/gethinode/mod-fontawesome/v6 v6.1.2/go.mod h1:sq92QfINvTV8dd3PSmbspGXHqmxOSkv96OvbZST9Gjc=
github.com/gethinode/mod-fontawesome/v6 v6.1.3 h1:eDFqkLPiUdqq6YcVd5gEyR8qkcb7dClIwpGj+3ce9io=
github.com/gethinode/mod-fontawesome/v6 v6.1.3/go.mod h1:SBNsfYUpNRkr88asrk3r9wtPAjWnLchMH4QSV/gUG0k=
github.com/gethinode/mod-fontawesome/v6 v6.1.4 h1:6ppascnfF0Fy9csHLp2iVZVYhaguOOWjd5Wbjbc+bJk=
github.com/gethinode/mod-fontawesome/v6 v6.1.4/go.mod h1:VOzKLFEqI4O13IFZrKXOXFFHs26o8PgQtdv9fYUaxqA=
github.com/gethinode/mod-google-analytics/v2 v2.0.4 h1:ONEUjhfVR6p+Y/XyU3BUGXZy4+HAkJvGo+mr24ugklY=
github.com/gethinode/mod-google-analytics/v2 v2.0.4/go.mod h1:y4ZlacA8FSXjmvn9P8cZshOrBB5Wc+3p0DKSehkk+8E=
github.com/gethinode/mod-katex v1.1.7 h1:L2kNwzaerFRESS7nEZsvaMArpisc3iowBwKoaGQ1UII=
github.com/gethinode/mod-katex v1.1.7/go.mod h1:ln7664LD/SlluqAjGf32MRSbVXBOn+nJaTx00mzugE8=
github.com/gethinode/mod-leaflet/v3 v3.1.3 h1:4rO0rT89Kph+kwd06igMEQsa1El/Q5hyDAoaXlJon14=
github.com/gethinode/mod-leaflet/v3 v3.1.3/go.mod h1:eiNhr24pY4+MrMCuJF2MAa+c5mPrD90UM4GZxJproic=
github.com/gethinode/mod-lottie/v3 v3.0.4 h1:I5g+62ed9AhcXqyaWkRrjF33jweR1ZLNuvwVGTQfVSg=
github.com/gethinode/mod-lottie/v3 v3.0.4/go.mod h1:f9uYnBJj63yZRqJD/bW126r0WjLW337UQOvcqCEviVc=
github.com/gethinode/mod-mermaid/v5 v5.0.4 h1:cw8FE+IDvbMmY0/+pcYfBbg/9gVF/sLvtDt4OyMxHfs=
github.com/gethinode/mod-mermaid/v5 v5.0.4/go.mod h1:/9uNj5hKghuBKRd3qi18J7XwMRxrLKJymn9MCO6vP3I=
github.com/gethinode/mod-simple-datatables/v4 v4.1.0 h1:AtEtLH9RoAEIpElg0k6UkVlHmiBc4Df3NCCUfBtmktU=
github.com/gethinode/mod-simple-datatables/v4 v4.1.0/go.mod h1:jRHoX20bUiaVg7UtKzMjfHQjd5M6WZ8hAeVqA3TKwTA=
github.com/gethinode/mod-simple-datatables/v4 v4.1.1 h1:Bidf8FA9SxBBb163D0yteTyad/sNiVK31IdqbcF/tZs=
github.com/gethinode/mod-simple-datatables/v4 v4.1.1/go.mod h1:irmXKx2jeppfpGRsCC91vN8dA4U2nQfy2eW8bajUeJo=
github.com/gethinode/mod-simple-datatables/v4 v4.2.0 h1:n1GyPqVQ6o44awWIAiAwg/xZ6LYYQZuTQk6CuagboeI=
github.com/gethinode/mod-simple-datatables/v4 v4.2.0/go.mod h1:bIYh9MBNdBe5vzSfmymqVzdVh+RSA7yPbMfnIayg8eo=
github.com/gethinode/mod-simple-datatables/v4 v4.2.1 h1:Se1TIpqzOGcQVLZ2K8Ud7GuoEuVj/gk1zRqZ0jOR0UA=
github.com/gethinode/mod-simple-datatables/v4 v4.2.1/go.mod h1:X9j8YEPhKWhcPCdylQHwfNkAqLH8L9878XcHQLyGEc8=
github.com/gethinode/mod-utils/v6 v6.7.0 h1:DxqKUb13/6ydcntGIrUj1YD892VwarB8zGj+77CeUwM=
github.com/gethinode/mod-utils/v6 v6.7.0/go.mod h1:E5tO9w3VKaidJpu1nI8zAKmh0bddFHOIIQnudAaXQTs=
github.com/gethinode/mod-utils/v6 v6.8.0 h1:Rz/6DlPKVW0791jSsobxx4I4pKQ38H4JOEeOV+GeRzU=
github.com/gethinode/mod-utils/v6 v6.8.0/go.mod h1:E5tO9w3VKaidJpu1nI8zAKmh0bddFHOIIQnudAaXQTs=
github.com/gethinode/mod-utils/v6 v6.8.3 h1:RbQS52Ap9KqqAqNQ7mkFEHw0RbqYBMpJJGPSN5q3jnE=
github.com/gethinode/mod-utils/v6 v6.8.3/go.mod h1:E5tO9w3VKaidJpu1nI8zAKmh0bddFHOIIQnudAaXQTs=
github.com/gethinode/mod-utils/v6 v6.8.4 h1:L8x3IcWEn2kms7WWuYwtbi/x7lIR18z+eJhUjmCek3g=
github.com/gethinode/mod-utils/v6 v6.8.4/go.mod h1:E5tO9w3VKaidJpu1nI8zAKmh0bddFHOIIQnudAaXQTs=
github.com/gethinode/mod-utils/v6 v6.8.5 h1:hzJgNjw6NIORMvxeJ3Q6+qPaPzLc4CQtNTWRXFVjFPM=
github.com/gethinode/mod-utils/v6 v6.8.5/go.mod h1:E5tO9w3VKaidJpu1nI8zAKmh0bddFHOIIQnudAaXQTs=
github.com/gethinode/mod-utils/v6 v6.9.0 h1:+7RsNAfYCaM3rAzwrkTC6Ui3vcpGYWj1Ek1CmUVcaq0=
github.com/gethinode/mod-utils/v6 v6.9.0/go.mod h1:E5tO9w3VKaidJpu1nI8zAKmh0bddFHOIIQnudAaXQTs=
github.com/gethinode/mod-utils/v6 v6.11.0 h1:q1nQwf/oDVZMP/K9dkM8GQC2OdfljLL6sH3b+eHpfyw=
github.com/gethinode/mod-utils/v6 v6.11.0/go.mod h1:E5tO9w3VKaidJpu1nI8zAKmh0bddFHOIIQnudAaXQTs=
github.com/nextapps-de/flexsearch v0.0.0-20260529083235-f7ed963096a0 h1:QDKcU3q39lFGzdVwM6kgCGnW3ibbMfYIi0Rwl62iJpo=
github.com/nextapps-de/flexsearch v0.0.0-20260529083235-f7ed963096a0/go.mod h1:5GdMfPAXzbA2gXBqTjC6l27kioSYzHlqDMh0+wyx7sU=
github.com/twbs/bootstrap v5.3.8+incompatible h1:eK1fsXP7R/FWFt+sSNmmvUH9usPocf240nWVw7Dh02o=
github.com/twbs/bootstrap v5.3.8+incompatible/go.mod h1:fZTSrkpSf0/HkL0IIJzvVspTt1r9zuf7XlZau8kpcY0=
