github.com/airbnb/lottie-web v5.12.2+incompatible h1:Ldogtlhiucf7mMsgisyxSBY0qunV44+lpa9Icy2KoQc=
github.com/airbnb/lottie-web v5.12.2+incompatible/go.mod h1:nTss557UK9FGnp8QYlCMO29tjUHwbdAHG/DprbGfHGE=
github.com/gethinode/mod-bootstrap v1.0.1 h1:NDZar+UEL42YHCvzzO+jVgqkZU5INA12BpjX3y6U4I4=
github.com/gethinode/mod-bootstrap v1.0.1/go.mod h1:DcpPc2cNaXUPGEvhD7npuEEPA7573NvakTlrwFbyjr8=
github.com/gethinode/mod-bootstrap v1.1.0 h1:BbalsW8kmFhv+J+dcc41TGcjIlM/p69AB0h0oGhAXIU=
github.com/gethinode/mod-bootstrap v1.1.0/go.mod h1:DcpPc2cNaXUPGEvhD7npuEEPA7573NvakTlrwFbyjr8=
github.com/gethinode/mod-bootstrap v1.1.1 h1:Tx4M5hGVOFrEaxnUONDAm6N9xuRi5UphKlT7F26HujU=
github.com/gethinode/mod-bootstrap v1.1.1/go.mod h1:DcpPc2cNaXUPGEvhD7npuEEPA7573NvakTlrwFbyjr8=
github.com/gethinode/mod-bootstrap v1.2.0 h1:JkTcImU3qpi25WgKvUxUYiMoiXtrxrG+Wf/utRB5UbU=
github.com/gethinode/mod-bootstrap v1.2.0/go.mod h1:DcpPc2cNaXUPGEvhD7npuEEPA7573NvakTlrwFbyjr8=
github.com/gethinode/mod-bootstrap v1.2.1 h1:z54dgsbhShhlri+X77Z+yLrg0wz/f8C8ojA/wnlhsJc=
github.com/gethinode/mod-bootstrap v1.2.1/go.mod h1:DcpPc2cNaXUPGEvhD7npuEEPA7573NvakTlrwFbyjr8=
github.com/gethinode/mod-bootstrap v1.2.2 h1:Q8E04OKWr9owk7nhQ/NBukUgSFhsECxZsOLEaf5oeiQ=
github.com/gethinode/mod-bootstrap v1.2.2/go.mod h1:DcpPc2cNaXUPGEvhD7npuEEPA7573NvakTlrwFbyjr8=
github.com/gethinode/mod-bootstrap v1.2.4 h1:4CFNpwpRKiZlMVWg9u5+ijSb924j4yM3G1p96Hquas0=
github.com/gethinode/mod-bootstrap v1.2.4/go.mod h1:CL9IDot6nbXIWJYE/KxfsTdYYEJIGL17BXbAYPn+wVQ=
github.com/gethinode/mod-bootstrap v1.2.5 h1:h6yAlkMZA34wJU3pLFpLxp1ynEBte/YTY4kGEQtMGPE=
github.com/gethinode/mod-bootstrap v1.2.5/go.mod h1:CL9IDot6nbXIWJYE/KxfsTdYYEJIGL17BXbAYPn+wVQ=
github.com/gethinode/mod-bootstrap v1.2.6 h1:joKKVqWzPgitPbUFlU4oIRj72YXsEHkVun3TPf4ZZ2Q=
github.com/gethinode/mod-bootstrap v1.2.6/go.mod h1:CL9IDot6nbXIWJYE/KxfsTdYYEJIGL17BXbAYPn+wVQ=
github.com/gethinode/mod-bootstrap v1.2.8 h1:kIKSO6qqE8xA0KQC5s6kkEv5UDc8oT17HalGIwB+dSc=
github.com/gethinode/mod-bootstrap v1.2.8/go.mod h1:CL9IDot6nbXIWJYE/KxfsTdYYEJIGL17BXbAYPn+wVQ=
github.com/gethinode/mod-bootstrap v1.3.0 h1:UxNmXgXo7gA8C8z1ar47+tSccmKYpaYBBN+txB0pwBk=
github.com/gethinode/mod-bootstrap v1.3.0/go.mod h1:CL9IDot6nbXIWJYE/KxfsTdYYEJIGL17BXbAYPn+wVQ=
github.com/gethinode/mod-flexsearch v1.0.1 h1:FJkRsUzSnQTXl3MWCigT4E6vfff870UWTnkGqaDGIhA=
github.com/gethinode/mod-flexsearch v1.0.1/go.mod h1:TXbGbWsvmhBdsTzRt887mcpFfr4ORpzG3+h/l4W3YM4=
github.com/gethinode/mod-flexsearch v1.1.0 h1:7BCMyQDlYlskNXuazt8Jg/jg9WREexu2xVkYqThkAX4=
github.com/gethinode/mod-flexsearch v1.1.0/go.mod h1:TXbGbWsvmhBdsTzRt887mcpFfr4ORpzG3+h/l4W3YM4=
github.com/gethinode/mod-flexsearch v1.1.1 h1:zHypfKR/rWPAwqNXvo09Pp3vGqU4w3r7d2VtMudIzkI=
github.com/gethinode/mod-flexsearch v1.1.1/go.mod h1:TXbGbWsvmhBdsTzRt887mcpFfr4ORpzG3+h/l4W3YM4=
github.com/gethinode/mod-flexsearch v1.1.2 h1:vA/jHxLq9xxkYGS9cmAoLNIkEBW+iLVCcQ8qKyEa+R4=
github.com/gethinode/mod-flexsearch v1.1.2/go.mod h1:TXbGbWsvmhBdsTzRt887mcpFfr4ORpzG3+h/l4W3YM4=
github.com/gethinode/mod-flexsearch v1.1.3 h1:lzmSvnJL6ABjp03avYzSvJJ7hw01CpHap1JGUbDIELg=
github.com/gethinode/mod-flexsearch v1.1.3/go.mod h1:TXbGbWsvmhBdsTzRt887mcpFfr4ORpzG3+h/l4W3YM4=
github.com/gethinode/mod-flexsearch v1.1.4 h1:dJvwBxYlLe/VGlctLn8k89STJ5toATIjNnXIlNeanOY=
github.com/gethinode/mod-flexsearch v1.1.4/go.mod h1:TXbGbWsvmhBdsTzRt887mcpFfr4ORpzG3+h/l4W3YM4=
github.com/gethinode/mod-flexsearch v1.2.0 h1:SSMpWzK9SMbi9QRYfil9PJZLLWWLHWzlTc69UxtSWAA=
github.com/gethinode/mod-flexsearch v1.2.0/go.mod h1:TXbGbWsvmhBdsTzRt887mcpFfr4ORpzG3+h/l4W3YM4=
github.com/gethinode/mod-flexsearch v1.3.0 h1:RbfEDw219Y1rOVp9lHmy5ePdF9lyPalDu2J5oVeejrU=
github.com/gethinode/mod-flexsearch v1.3.0/go.mod h1:TXbGbWsvmhBdsTzRt887mcpFfr4ORpzG3+h/l4W3YM4=
github.com/gethinode/mod-flexsearch v1.4.0 h1:5e/NVRLyWzUZ9fO/fNsM5o+O7nw+xyln2rfEOtbgfWc=
github.com/gethinode/mod-flexsearch v1.4.0/go.mod h1:TXbGbWsvmhBdsTzRt887mcpFfr4ORpzG3+h/l4W3YM4=
github.com/gethinode/mod-flexsearch v1.4.1 h1:z+GKvhJ4v6BsZsWVZRgbO9WcmSZEVUkb3Q9a09yXtd8=
github.com/gethinode/mod-flexsearch v1.4.1/go.mod h1:TXbGbWsvmhBdsTzRt887mcpFfr4ORpzG3+h/l4W3YM4=
github.com/gethinode/mod-flexsearch v1.5.1 h1:9fYlnHgiEXckL0EoC0zlSNO7BWZf5yiOroSWT13Kphc=
github.com/gethinode/mod-flexsearch v1.5.1/go.mod h1:TXbGbWsvmhBdsTzRt887mcpFfr4ORpzG3+h/l4W3YM4=
github.com/gethinode/mod-flexsearch v1.6.0 h1:Rjx+GLOByFLmaWD9hZXwmuKN8A89te6BZAIq2c9QBKg=
github.com/gethinode/mod-flexsearch v1.6.0/go.mod h1:TXbGbWsvmhBdsTzRt887mcpFfr4ORpzG3+h/l4W3YM4=
github.com/gethinode/mod-flexsearch v1.7.0 h1:VFTf6iUyT9b47jTDAxh8nVHU1eUBrdxlykaC90lTfqk=
github.com/gethinode/mod-flexsearch v1.7.0/go.mod h1:TXbGbWsvmhBdsTzRt887mcpFfr4ORpzG3+h/l4W3YM4=
github.com/gethinode/mod-flexsearch v1.7.1 h1:f4rjKkhleDVzqwUmwP1xZdhjru5VQ9g0MRDz0G6oLyY=
github.com/gethinode/mod-flexsearch v1.7.1/go.mod h1:TXbGbWsvmhBdsTzRt887mcpFfr4ORpzG3+h/l4W3YM4=
github.com/gethinode/mod-flexsearch v1.8.0 h1:rKu9ackmbGAD/CRJYUDUhy/3nDCEj0IgYDiL1bkwzDc=
github.com/gethinode/mod-flexsearch v1.8.0/go.mod h1:TXbGbWsvmhBdsTzRt887mcpFfr4ORpzG3+h/l4W3YM4=
github.com/gethinode/mod-flexsearch v1.8.1 h1:xwPvmmxd8Tdyxp8/rnd9KRGqIDtZs/YwAQJ1i9oQMiM=
github.com/gethinode/mod-flexsearch v1.8.1/go.mod h1:L8hrnpupx27cez2ObMX8gWnhbW6qss4HGH1Ea4UaBRQ=
github.com/gethinode/mod-flexsearch v1.9.0 h1:AE+w7QeZTxh36JNTG+CASDLxaqlCZKn+EUD6ulnPGak=
github.com/gethinode/mod-flexsearch v1.9.0/go.mod h1:L8hrnpupx27cez2ObMX8gWnhbW6qss4HGH1Ea4UaBRQ=
github.com/gethinode/mod-flexsearch v1.10.0 h1:ymlHu5G2635D/h2axG4jgpGS+Vvtzxg07SZX8pJOJSo=
github.com/gethinode/mod-flexsearch v1.10.0/go.mod h1:L8hrnpupx27cez2ObMX8gWnhbW6qss4HGH1Ea4UaBRQ=
github.com/gethinode/mod-flexsearch v1.10.1 h1:aZ4WjUxfiCV1eiGjIUdP+lRTlOI/flPc6ABUQ99C+Es=
github.com/gethinode/mod-flexsearch v1.10.1/go.mod h1:L8hrnpupx27cez2ObMX8gWnhbW6qss4HGH1Ea4UaBRQ=
github.com/gethinode/mod-flexsearch v1.11.0 h1:CQArPhjQRtIZqAK4ysOiBzAB1hi//L4RTelH+ScjbXU=
github.com/gethinode/mod-flexsearch v1.11.0/go.mod h1:L8hrnpupx27cez2ObMX8gWnhbW6qss4HGH1Ea4UaBRQ=
github.com/gethinode/mod-flexsearch v1.11.1 h1:TtaE6Dv0lH4x73SHDaZpQJLjk52lRu/VoLf6+CXFOLs=
github.com/gethinode/mod-flexsearch v1.11.1/go.mod h1:L8hrnpupx27cez2ObMX8gWnhbW6qss4HGH1Ea4UaBRQ=
github.com/gethinode/mod-flexsearch v1.11.3 h1:ykxpUg8M4vr1C4QzxJOPGt+1ZmPAD/gOCZoFcZxWoWw=
github.com/gethinode/mod-flexsearch v1.11.3/go.mod h1:L8hrnpupx27cez2ObMX8gWnhbW6qss4HGH1Ea4UaBRQ=
github.com/gethinode/mod-flexsearch v1.12.0 h1:zg1IHvc8VO9WEtQuQnuG6HeWFNByvyqC9JYWDtpsP6s=
github.com/gethinode/mod-flexsearch v1.12.0/go.mod h1:L8hrnpupx27cez2ObMX8gWnhbW6qss4HGH1Ea4UaBRQ=
github.com/gethinode/mod-fontawesome v1.0.2 h1:ZSK6D20/w4y5GnfYfTBB58uHD0ChIfkpKfRGwioS9rg=
github.com/gethinode/mod-fontawesome v1.0.2/go.mod h1:Ki1qkWEOiF0hQpCgWeZRw+HkpL6nd1DxKFptU0O2feI=
github.com/gethinode/mod-fontawesome v1.1.0 h1:rsDzUI+3ZlS/do2ff3ne8/z3KwHeysmuA+WsXlumXXk=
github.com/gethinode/mod-fontawesome v1.1.0/go.mod h1:Ki1qkWEOiF0hQpCgWeZRw+HkpL6nd1DxKFptU0O2feI=
github.com/gethinode/mod-fontawesome v1.2.0 h1:2nWYEjpUKu6IJ6kOh2WDlDUqRQ/dUGw6mJWIdMTA3O0=
github.com/gethinode/mod-fontawesome v1.2.0/go.mod h1:Ki1qkWEOiF0hQpCgWeZRw+HkpL6nd1DxKFptU0O2feI=
github.com/gethinode/mod-fontawesome v1.2.1 h1:k7z5ZRsNxCohZjlZm8jVAzmTPk17c6xMYBAjAXHs13I=
github.com/gethinode/mod-fontawesome v1.2.1/go.mod h1:Ki1qkWEOiF0hQpCgWeZRw+HkpL6nd1DxKFptU0O2feI=
github.com/gethinode/mod-fontawesome v1.2.2 h1:rA9EtuE/LeFQmKSA7ampfUknxsR1mu7hpi4wpA89gX8=
github.com/gethinode/mod-fontawesome v1.2.2/go.mod h1:Ki1qkWEOiF0hQpCgWeZRw+HkpL6nd1DxKFptU0O2feI=
github.com/gethinode/mod-fontawesome v1.2.3 h1:RHWd+E72+m29xaC45m/3CF35C201jehw0dcozVBdPrI=
github.com/gethinode/mod-fontawesome v1.2.3/go.mod h1:Ki1qkWEOiF0hQpCgWeZRw+HkpL6nd1DxKFptU0O2feI=
github.com/gethinode/mod-fontawesome v1.2.4 h1:SqE3CQ+boaBIhrVh3MPu4nz0uoHPfEH5t60nNY1CfsI=
github.com/gethinode/mod-fontawesome v1.2.4/go.mod h1:Ki1qkWEOiF0hQpCgWeZRw+HkpL6nd1DxKFptU0O2feI=
github.com/gethinode/mod-fontawesome v1.2.5 h1:RqkLRj6+s+gM4nKd0IwNMMDA8cRmxfp0fxkVH4FdAGU=
github.com/gethinode/mod-fontawesome v1.2.5/go.mod h1:Ki1qkWEOiF0hQpCgWeZRw+HkpL6nd1DxKFptU0O2feI=
github.com/gethinode/mod-fontawesome v1.3.0 h1:oudeDBlAKu8vqYxumWuq5SG5F5itm33NgTrBLgvPulQ=
github.com/gethinode/mod-fontawesome v1.3.0/go.mod h1:Ki1qkWEOiF0hQpCgWeZRw+HkpL6nd1DxKFptU0O2feI=
github.com/gethinode/mod-fontawesome v1.3.1 h1:EdnBuG2B+bi06OcYmcL1NfSxHpRMEGu8TXUqEEpVH4g=
github.com/gethinode/mod-fontawesome v1.3.1/go.mod h1:Ki1qkWEOiF0hQpCgWeZRw+HkpL6nd1DxKFptU0O2feI=
github.com/gethinode/mod-fontawesome v1.3.2 h1:qLJSbAFR2T33BuBtC2Iulm9wZql3cy7AhXjxc2YGzBU=
github.com/gethinode/mod-fontawesome v1.3.2/go.mod h1:Ki1qkWEOiF0hQpCgWeZRw+HkpL6nd1DxKFptU0O2feI=
github.com/gethinode/mod-fontawesome v1.4.0 h1:JfmVYwQl19jmZxgxY64yvGqJAAEiFkKf2dbZ5Iv08Qw=
github.com/gethinode/mod-fontawesome v1.4.0/go.mod h1:Ki1qkWEOiF0hQpCgWeZRw+HkpL6nd1DxKFptU0O2feI=
github.com/gethinode/mod-fontawesome v1.5.0 h1:3mW5dnWauuF9wSWXNIY+PPgTNPlc/xQOQoG7XGic1Yk=
github.com/gethinode/mod-fontawesome v1.5.0/go.mod h1:Ki1qkWEOiF0hQpCgWeZRw+HkpL6nd1DxKFptU0O2feI=
github.com/gethinode/mod-fontawesome v1.5.1 h1:C7goQY4HrEua/lpjC++laydNKBuYo1+307ngn5tyXeM=
github.com/gethinode/mod-fontawesome v1.5.1/go.mod h1:Ki1qkWEOiF0hQpCgWeZRw+HkpL6nd1DxKFptU0O2feI=
github.com/gethinode/mod-fontawesome v1.6.1 h1:iqOgDGdw7Bs4hnzjF/8JsUn10omyKQZTglLqNenT1K0=
github.com/gethinode/mod-fontawesome v1.6.1/go.mod h1:Ki1qkWEOiF0hQpCgWeZRw+HkpL6nd1DxKFptU0O2feI=
github.com/gethinode/mod-fontawesome v1.7.3 h1:YzRCYSasVRIcImVmTJYjqNJ+KmyNWfm/bMgtM0slvzs=
github.com/gethinode/mod-fontawesome v1.7.3/go.mod h1:Ki1qkWEOiF0hQpCgWeZRw+HkpL6nd1DxKFptU0O2feI=
github.com/gethinode/mod-fontawesome v1.8.0 h1:YEuCmvCdzcemF1eFK35Wnp1asKKO3/xbxGArnjq6PRY=
github.com/gethinode/mod-fontawesome v1.8.0/go.mod h1:uvuC2YL8mdXNp6NRzFOu4TWsHvtY9AZ8YxJkF23/M/8=
github.com/gethinode/mod-fontawesome v1.8.1 h1:iyvULrpaGizQoI5Vl9WjFYcMGWefdyG90NGK2UKax+k=
github.com/gethinode/mod-fontawesome v1.8.1/go.mod h1:xBKsZH3WJtMOItZVlp9SbO51uaBy6IbvUZSKpNu3b6Y=
github.com/gethinode/mod-fontawesome v1.8.2 h1:LAzLytyh9c9gLzBWMju6Gtp3uEojhBQEYw0o38EUKZY=
github.com/gethinode/mod-fontawesome v1.8.2/go.mod h1:xBKsZH3WJtMOItZVlp9SbO51uaBy6IbvUZSKpNu3b6Y=
github.com/gethinode/mod-fontawesome v1.9.0 h1:xqUB8AnezMHAt8lye4ksqvmHSVPCOkiHsHGUbqNoeP0=
github.com/gethinode/mod-fontawesome v1.9.0/go.mod h1:xBKsZH3WJtMOItZVlp9SbO51uaBy6IbvUZSKpNu3b6Y=
github.com/gethinode/mod-katex v1.0.0 h1:me/3dIIZBkfk1mRIFt8QiAGYwYDoSG5bc2hHRtIutFc=
github.com/gethinode/mod-katex v1.0.0/go.mod h1:byAfpI3wuqNJIooTGVEGc1cjBhhCy4+CcK1H6495MYg=
github.com/gethinode/mod-katex v1.0.1 h1:809QUztxmKgMNchU+v03iMO7Ma+ISc3ZzhXYauc21rs=
github.com/gethinode/mod-katex v1.0.1/go.mod h1:byAfpI3wuqNJIooTGVEGc1cjBhhCy4+CcK1H6495MYg=
github.com/gethinode/mod-katex v1.0.2 h1:pIG4n3qLl/IVe7BEiwn+GL8r5lOCtF6FDxlcrPKdAXk=
github.com/gethinode/mod-katex v1.0.2/go.mod h1:byAfpI3wuqNJIooTGVEGc1cjBhhCy4+CcK1H6495MYg=
github.com/gethinode/mod-katex v1.0.3 h1:fvlUWqcUQqv2zRNM2kfmJ6GhXA816Tl1nfVrUkmBStI=
github.com/gethinode/mod-katex v1.0.3/go.mod h1:byAfpI3wuqNJIooTGVEGc1cjBhhCy4+CcK1H6495MYg=
github.com/gethinode/mod-katex v1.0.4 h1:NozgWPFnHhx1W+E9DnwMTRpvxPbdqdANEtwp9N3/mj8=
github.com/gethinode/mod-katex v1.0.4/go.mod h1:byAfpI3wuqNJIooTGVEGc1cjBhhCy4+CcK1H6495MYg=
github.com/gethinode/mod-katex v1.0.5 h1:AVhcTINYory0ygChQERf8PcyJkbT1oqhmLRF6ESnWOY=
github.com/gethinode/mod-katex v1.0.5/go.mod h1:byAfpI3wuqNJIooTGVEGc1cjBhhCy4+CcK1H6495MYg=
github.com/gethinode/mod-katex v1.0.7 h1:FTEhvi3r+O5lPeOxB7OsanFZuAB14yC5fIk3DqhkNyY=
github.com/gethinode/mod-katex v1.0.7/go.mod h1:byAfpI3wuqNJIooTGVEGc1cjBhhCy4+CcK1H6495MYg=
github.com/gethinode/mod-katex v1.0.8 h1:tFGFz/JIEogCz4wvUsUncrOsOupPxsjP+TwU/3NxIjY=
github.com/gethinode/mod-katex v1.0.8/go.mod h1:byAfpI3wuqNJIooTGVEGc1cjBhhCy4+CcK1H6495MYg=
github.com/gethinode/mod-katex v1.0.9 h1:cCJoR28tZwkDvXps17o9Jwfe3aQQAZ3Rxk0jCNRQdbU=
github.com/gethinode/mod-katex v1.0.9/go.mod h1:byAfpI3wuqNJIooTGVEGc1cjBhhCy4+CcK1H6495MYg=
github.com/gethinode/mod-katex v1.1.0 h1:PxST3HPUt6F2X/xKakTVeTkwWqCtEr53K1vYEOyQu3I=
github.com/gethinode/mod-katex v1.1.0/go.mod h1:byAfpI3wuqNJIooTGVEGc1cjBhhCy4+CcK1H6495MYg=
github.com/gethinode/mod-leaflet v0.2.3 h1:QQI4h+IH0jZ7fx4q0um2YIEiYBoW3OAfW8qHzbRCDPk=
github.com/gethinode/mod-leaflet v0.2.3/go.mod h1:uGggt87x4Fw7wBoJpSiUvNkYg+s/Ujne7klAX2rxMRk=
github.com/gethinode/mod-leaflet v0.3.1 h1:H5MaOa+BB1KuVw7abTqfIn/SNzzRsAyx/WQoSe+2Ykc=
github.com/gethinode/mod-leaflet v0.3.1/go.mod h1:uGggt87x4Fw7wBoJpSiUvNkYg+s/Ujne7klAX2rxMRk=
github.com/gethinode/mod-leaflet v0.3.3 h1:isnjja6VRFvVWBatYSouh46TXSJg2C4/E2BQTrQw+yI=
github.com/gethinode/mod-leaflet v0.3.3/go.mod h1:uGggt87x4Fw7wBoJpSiUvNkYg+s/Ujne7klAX2rxMRk=
github.com/gethinode/mod-leaflet v0.3.4 h1:oY+YQ0JiJuhFQNrk9XgFdg0NMsTUQPXNfnILp4ia4r4=
github.com/gethinode/mod-leaflet v0.3.4/go.mod h1:uGggt87x4Fw7wBoJpSiUvNkYg+s/Ujne7klAX2rxMRk=
github.com/gethinode/mod-leaflet v0.3.5 h1:69Bv/6zRXhbcTzo7TMr58h3ry47srHRpM1k81LrLbYU=
github.com/gethinode/mod-leaflet v0.3.5/go.mod h1:uGggt87x4Fw7wBoJpSiUvNkYg+s/Ujne7klAX2rxMRk=
github.com/gethinode/mod-leaflet v0.4.0 h1:Xc6c1UTf4m1saQLFfFWT5sEpwj25xVGuS8csGC82UUI=
github.com/gethinode/mod-leaflet v0.4.0/go.mod h1:yr+bUKAstifdB16mbYh69OayAmgPOlNUubAmVn5eL2M=
github.com/gethinode/mod-leaflet v1.0.0 h1:HdnWafOGkkK1hYGfqLYF3pp9dAFS/caxlzML9sO1rCc=
github.com/gethinode/mod-leaflet v1.0.0/go.mod h1:Ei0x9WiL7Dbi4JeG6yI1CE63bT1QJ8sKi67Jea1wFSE=
github.com/gethinode/mod-leaflet v1.0.1 h1:L4Coe6HTD9O0Txs1S8AtVg+6/TEneSF9i6fJK8jdWUw=
github.com/gethinode/mod-leaflet v1.0.1/go.mod h1:Ei0x9WiL7Dbi4JeG6yI1CE63bT1QJ8sKi67Jea1wFSE=
github.com/gethinode/mod-leaflet v1.1.0 h1:FXzPCic5XmUluxQ6e7LYUhhLnxuQOBwry8qjG9k30UY=
github.com/gethinode/mod-leaflet v1.1.0/go.mod h1:Ei0x9WiL7Dbi4JeG6yI1CE63bT1QJ8sKi67Jea1wFSE=
github.com/gethinode/mod-lottie v1.0.0 h1:1CUZMcgN5FAyjjyuP3qkaOQ6M5sv6HUAbosW4sIT5VE=
github.com/gethinode/mod-lottie v1.0.0/go.mod h1:erRCgSL2FCfKHI0jQbSpM+g0jXl7SjKVJrh7kWGteKs=
github.com/gethinode/mod-lottie v1.0.1 h1:+IE7xtnSVQpJS56oBJq9RWKZeFEfxrOZAqE3BSrS/u0=
github.com/gethinode/mod-lottie v1.0.1/go.mod h1:erRCgSL2FCfKHI0jQbSpM+g0jXl7SjKVJrh7kWGteKs=
github.com/gethinode/mod-lottie v1.0.2 h1:QM/PJqEl1UhNNoPx6y7pVtwev/mDxUyWNHLqDB76YzI=
github.com/gethinode/mod-lottie v1.0.2/go.mod h1:erRCgSL2FCfKHI0jQbSpM+g0jXl7SjKVJrh7kWGteKs=
github.com/gethinode/mod-lottie v1.1.0 h1:KnfOQ45xdv1tpsKCkF5OiE3QuT29ycppBfY6o+rWl/4=
github.com/gethinode/mod-lottie v1.1.0/go.mod h1:erRCgSL2FCfKHI0jQbSpM+g0jXl7SjKVJrh7kWGteKs=
github.com/gethinode/mod-lottie v1.2.0 h1:9S0Y4PlEO66dIvFxayatmDEf8WWxqbLNLi4z563i2gM=
github.com/gethinode/mod-lottie v1.2.0/go.mod h1:erRCgSL2FCfKHI0jQbSpM+g0jXl7SjKVJrh7kWGteKs=
github.com/gethinode/mod-lottie v1.3.0 h1:vQ8CXkjdp2IeFskTzu+ZnKOEio8GtN08urVK+oCH81E=
github.com/gethinode/mod-lottie v1.3.0/go.mod h1:erRCgSL2FCfKHI0jQbSpM+g0jXl7SjKVJrh7kWGteKs=
github.com/gethinode/mod-lottie v1.4.0 h1:0Ls1Q/8p0gQpuX9+dtfNGKcjBNeymjE7gERdnN3lCCE=
github.com/gethinode/mod-lottie v1.4.0/go.mod h1:57eu6glS5oxkew2dB1P2zsbhw444aRX0XfuyDe7k/dk=
github.com/gethinode/mod-lottie v1.4.1 h1:RzCjYsxFPqyBsYAcdPeUP0rvF+hD9eEl7NrxuaRiKQQ=
github.com/gethinode/mod-lottie v1.4.1/go.mod h1:QjKlEmYbekrNGwa9EdFlPcXxwWWcraJUQ6xIL+syA60=
github.com/gethinode/mod-lottie v1.4.2 h1:rHBhbMVRlkVMxVY+3g1u2kolDv695uL8Zur4mDeoIO8=
github.com/gethinode/mod-lottie v1.4.2/go.mod h1:H6y1e3/2bBR1ujuM5N1iY39kpyN3RtcSRahX90+tlQI=
github.com/gethinode/mod-lottie v1.4.3 h1:IKZO8a4yQyPKUwZ6POsZRIH/B++yEzXDe5HxrFF79KA=
github.com/gethinode/mod-lottie v1.4.3/go.mod h1:nt4wLnDFIhjBGRMuQJJ2bH80VREpbcsBUsdO6uWXjLs=
github.com/gethinode/mod-lottie v1.4.4 h1:Lv7J+lAMx++aK9h0L7vAgsjyOZgrjux4xPz4Tpza8n4=
github.com/gethinode/mod-lottie v1.4.4/go.mod h1:7tsZjlFgMlj2iWBIS9uOtHHsCrfx9W7S8OsBrZeSVGU=
github.com/gethinode/mod-lottie v1.4.6 h1:L6zvfbq+FQUWTG3X/wWFCvb91WOxJuIkJUlZOd+QJ1Q=
github.com/gethinode/mod-lottie v1.4.6/go.mod h1:1/+7U/Q5IuaqkzTrvXK1CnPE7ANnTRsG5k+KaXQUQwE=
github.com/gethinode/mod-lottie v1.4.7 h1:5Hes0xY/l8ygzJ8YQIzdqCmvGrDQs8D8qZ/vR1fQh/Q=
github.com/gethinode/mod-lottie v1.4.7/go.mod h1:FvcG3NjXOBOnwou0QvXYNPHpybxwT6yxmSh4N+nBD9s=
github.com/gethinode/mod-lottie v1.5.0 h1:LwEEY+p+sPrN01yz7GyVOsF5lZ4qMln69+gAxJs1DDA=
github.com/gethinode/mod-lottie v1.5.0/go.mod h1:FvcG3NjXOBOnwou0QvXYNPHpybxwT6yxmSh4N+nBD9s=
github.com/gethinode/mod-lottie v1.5.1 h1:84ZmOTKJH75wsd/YjPaaBRkTeLnmRROv9iFlQVMC+jA=
github.com/gethinode/mod-lottie v1.5.1/go.mod h1:z0Q6EADM7pN7gmhCzDx2VR4uG5mxn9qbsphtxjIkssY=
github.com/gethinode/mod-lottie v1.5.2 h1:UvrNAQeD/97Q5fbv3uKIY48fY3IWJeLy/v206Gb0F6Y=
github.com/gethinode/mod-lottie v1.5.2/go.mod h1:HM1pA85EiPO7RtNysw/a2ZzRqktO2WvB/KyWLOuynzg=
github.com/gethinode/mod-lottie v1.5.3 h1:fvCjCoZoCEhY2aou30oEsEo6N4tVSI0ijFyXS3wNib0=
github.com/gethinode/mod-lottie v1.5.3/go.mod h1:XHVMuPsuJIm9/Eb2ql4jsT49/BQqMlBiirQoty4uHAo=
github.com/gethinode/mod-lottie v1.5.4 h1:+xbamSsjcnP2tyzGl0CA1enma7gkAp67wenmuP0XELY=
github.com/gethinode/mod-lottie v1.5.4/go.mod h1:gALqz48aYpoDLxJOI3LzIpdy0Eq/lOBNtlcOxABa9tg=
github.com/gethinode/mod-utils v1.0.0 h1:cqHm2xS5uDiJzRm1KfHaNbq6uMVDKLhQa8/BuTZ1nhY=
github.com/gethinode/mod-utils v1.0.0/go.mod h1:ONJm3pHCq7nvaPNjusLZNCeCbhOhSBH4HVKHwK1FdYE=
github.com/gethinode/mod-utils v1.0.1 h1:jhZGlGFHHL1f5HXbBMXfiZ2gCz4TVafAzjnRPTIBSEE=
github.com/gethinode/mod-utils v1.0.1/go.mod h1:ONJm3pHCq7nvaPNjusLZNCeCbhOhSBH4HVKHwK1FdYE=
github.com/gethinode/mod-utils v1.0.2 h1:0b3i+/bBHY1Td9N6khDbL1nf3d5HGc4QzI4BbEWHoU4=
github.com/gethinode/mod-utils v1.0.2/go.mod h1:ONJm3pHCq7nvaPNjusLZNCeCbhOhSBH4HVKHwK1FdYE=
github.com/gethinode/mod-utils v1.0.3 h1:FF6lnam0Bcdj7G1E5P+qi5ByPrl1npL+3uS5YoPx1C0=
github.com/gethinode/mod-utils v1.0.3/go.mod h1:ONJm3pHCq7nvaPNjusLZNCeCbhOhSBH4HVKHwK1FdYE=
github.com/gethinode/mod-utils v1.0.4 h1:Lr7hAVaWHv0O5TJXhRHGhvlOvWwIATJm9mpLQhCsopM=
github.com/gethinode/mod-utils v1.0.4/go.mod h1:ONJm3pHCq7nvaPNjusLZNCeCbhOhSBH4HVKHwK1FdYE=
github.com/gethinode/mod-utils v1.1.0 h1:a82h/DQTKc5hxf/ExDoZqJCJmVLT0dtyU8tf78yOPFw=
github.com/gethinode/mod-utils v1.1.0/go.mod h1:ONJm3pHCq7nvaPNjusLZNCeCbhOhSBH4HVKHwK1FdYE=
github.com/gethinode/mod-utils/v2 v2.0.1 h1:yy8Qaytrk55YNMzyldYKDWJr6mpQs7s7TWBkSYRMBng=
github.com/gethinode/mod-utils/v2 v2.0.1/go.mod h1:GTYeknoLujNjfDxI+V9Dcug26CYJSTJ0B/U2dagw9oY=
github.com/gethinode/mod-utils/v2 v2.0.2 h1:pocFT/mWPcfmABltZwe76D1IB3TZIrD1k1kH9zCDO1M=
github.com/gethinode/mod-utils/v2 v2.0.2/go.mod h1:GTYeknoLujNjfDxI+V9Dcug26CYJSTJ0B/U2dagw9oY=
github.com/gethinode/mod-utils/v2 v2.0.3 h1:4BsRNGi+0a3Mq021Gq/TwDNiyuIfZ8xnpYU0DkNbUYI=
github.com/gethinode/mod-utils/v2 v2.0.3/go.mod h1:GTYeknoLujNjfDxI+V9Dcug26CYJSTJ0B/U2dagw9oY=
github.com/gethinode/mod-utils/v2 v2.1.0 h1:5I0IN/AX5qPFYx7tjWXk59GBevTJzixxZUGj9MJ0b8M=
github.com/gethinode/mod-utils/v2 v2.1.0/go.mod h1:GTYeknoLujNjfDxI+V9Dcug26CYJSTJ0B/U2dagw9oY=
github.com/gethinode/mod-utils/v2 v2.1.1 h1:aLBcS9Zbx+dqnu5oBsTM01AkkN5nwwifgbV4D0qiHnM=
github.com/gethinode/mod-utils/v2 v2.1.1/go.mod h1:GTYeknoLujNjfDxI+V9Dcug26CYJSTJ0B/U2dagw9oY=
github.com/gethinode/mod-utils/v2 v2.2.2 h1:ZRxWIJKmZIDYsoMS3WhxxC+BWJrkd1dcZ8rz/cLZExc=
github.com/gethinode/mod-utils/v2 v2.2.2/go.mod h1:GTYeknoLujNjfDxI+V9Dcug26CYJSTJ0B/U2dagw9oY=
github.com/gethinode/mod-utils/v2 v2.3.0 h1:e3uhlAGasvXe+cgvcmzRe05Zo4UEx86uk0TbnxtyB6U=
github.com/gethinode/mod-utils/v2 v2.3.0/go.mod h1:GTYeknoLujNjfDxI+V9Dcug26CYJSTJ0B/U2dagw9oY=
github.com/gethinode/mod-utils/v2 v2.3.1 h1:blqynoRJ+H2SPfSU28iYheYWPH39MKNtK5HKJPghL3M=
github.com/gethinode/mod-utils/v2 v2.3.1/go.mod h1:GTYeknoLujNjfDxI+V9Dcug26CYJSTJ0B/U2dagw9oY=
github.com/gethinode/mod-utils/v2 v2.3.2 h1:QxYtHqeiLfAg+38ULFr3qYwNuypcnV1KzsmmNUjbX+U=
github.com/gethinode/mod-utils/v2 v2.3.2/go.mod h1:GTYeknoLujNjfDxI+V9Dcug26CYJSTJ0B/U2dagw9oY=
github.com/gethinode/mod-utils/v2 v2.3.3 h1:dewgQgAyPJJ1lA2WhowHaFqVaeLjUNYgxDO4mE3v0F0=
github.com/gethinode/mod-utils/v2 v2.3.3/go.mod h1:GTYeknoLujNjfDxI+V9Dcug26CYJSTJ0B/U2dagw9oY=
github.com/gethinode/mod-utils/v2 v2.3.4 h1:4OmUsLW7FyQL7vJhg/Iy9E7nFXWL955qCtsj6yWU51M=
github.com/gethinode/mod-utils/v2 v2.3.4/go.mod h1:GTYeknoLujNjfDxI+V9Dcug26CYJSTJ0B/U2dagw9oY=
github.com/gethinode/mod-utils/v2 v2.3.5 h1:r8V330xQkHTjzAFNCde1Kpz6fgidzmMRW82eIonUnOo=
github.com/gethinode/mod-utils/v2 v2.3.5/go.mod h1:GTYeknoLujNjfDxI+V9Dcug26CYJSTJ0B/U2dagw9oY=
github.com/gethinode/mod-utils/v2 v2.3.6 h1:Ta+WKc83sK9ZROKmUwS4pA32Qm0bQqoMmWHEOzDvZ5Y=
github.com/gethinode/mod-utils/v2 v2.3.6/go.mod h1:GTYeknoLujNjfDxI+V9Dcug26CYJSTJ0B/U2dagw9oY=
github.com/gethinode/mod-utils/v2 v2.3.7 h1:FFsUPO7NBp9Bhjovf0Ki5hnDGfeMKV/3RNz1Qpv7+oQ=
github.com/gethinode/mod-utils/v2 v2.3.7/go.mod h1:GTYeknoLujNjfDxI+V9Dcug26CYJSTJ0B/U2dagw9oY=
github.com/gethinode/mod-utils/v2 v2.3.8 h1:zAiDRCb3SsP9z6PUkCaiRLHOpqFhVf0xVhVOoTZNmAI=
github.com/gethinode/mod-utils/v2 v2.3.8/go.mod h1:GTYeknoLujNjfDxI+V9Dcug26CYJSTJ0B/U2dagw9oY=
github.com/nextapps-de/flexsearch v0.0.0-20230711092928-1243fd883ec3 h1:H/qVR5O4BXjRjD+5PZB+r4ug2BSJ2Of4RtwOntd+OKo=
github.com/nextapps-de/flexsearch v0.0.0-20230711092928-1243fd883ec3/go.mod h1:5GdMfPAXzbA2gXBqTjC6l27kioSYzHlqDMh0+wyx7sU=
github.com/nextapps-de/flexsearch v0.0.0-20240108021025-afd75f742f22 h1:re7L8FxbXQpnX8BgzkdUnDpsUmloGNyLmiy2ZCln8pg=
github.com/nextapps-de/flexsearch v0.0.0-20240108021025-afd75f742f22/go.mod h1:5GdMfPAXzbA2gXBqTjC6l27kioSYzHlqDMh0+wyx7sU=
github.com/nextapps-de/flexsearch v0.0.0-20240110101704-4c3966709f85 h1:H6xa5YyCHr78M+qqCApM4Kvz/eMA7pfGskYmfkEBRCA=
github.com/nextapps-de/flexsearch v0.0.0-20240110101704-4c3966709f85/go.mod h1:5GdMfPAXzbA2gXBqTjC6l27kioSYzHlqDMh0+wyx7sU=
github.com/twbs/bootstrap v5.3.2+incompatible h1:tuiO5acc6xnZUR77Sbi5aKWXxjYxbmsSbJwYrhAKoQQ=
github.com/twbs/bootstrap v5.3.2+incompatible/go.mod h1:fZTSrkpSf0/HkL0IIJzvVspTt1r9zuf7XlZau8kpcY0=
github.com/twbs/bootstrap v5.3.3+incompatible h1:goFoqinzdHfkeegpFP7pvhbd0g+A3O2hbU3XCjuNrEQ=
github.com/twbs/bootstrap v5.3.3+incompatible/go.mod h1:fZTSrkpSf0/HkL0IIJzvVspTt1r9zuf7XlZau8kpcY0=
