github.com/FortAwesome/Font-Awesome v0.0.0-20260625220317-70fb2dd154b6 h1:slcJCZg0UQMHqw5JCoVmE8/IJfoNUprTmP2T3lDG9VY=
github.com/FortAwesome/Font-Awesome v0.0.0-20260625220317-70fb2dd154b6/go.mod h1:IUgezN/MFpCDIlFezw3L8j83oeiIuYoj28Miwr/KUYo=
github.com/FortAwesome/Font-Awesome v0.0.0-20260715180930-14c65a3747d0 h1:4+bB2ojsMTsQroHtQr1FWy2gxFzpBn5hISldeRfxF+o=
github.com/FortAwesome/Font-Awesome v0.0.0-20260715180930-14c65a3747d0/go.mod h1:IUgezN/MFpCDIlFezw3L8j83oeiIuYoj28Miwr/KUYo=
github.com/airbnb/lottie-web v5.13.0+incompatible h1:plBV5Uq/F1kK0EC61Hr0cBGReI9OgUfd/pp0baoDX8o=
github.com/airbnb/lottie-web v5.13.0+incompatible/go.mod h1:nTss557UK9FGnp8QYlCMO29tjUHwbdAHG/DprbGfHGE=
github.com/gethinode/mod-blocks/v2 v2.2.0 h1:sIRH7R7MYvqVECByJEuopVgzUCOa+iOEYOFCIouo5A0=
github.com/gethinode/mod-blocks/v2 v2.2.0/go.mod h1:z+0Rg+I0naJf7VOy9dDuo8FX1dB5bPuMmbWT1QmBFhg=
github.com/gethinode/mod-bootstrap v1.3.7 h1:rbjOg//q7dbsM+TkDQLsyk9LKv93D1RUjtcSkvV55UU=
github.com/gethinode/mod-bootstrap v1.3.7/go.mod h1:CxrYCFzKtBMz3YWG5i/d5jHKCgvUo60NFcCmz2mxCjQ=
github.com/gethinode/mod-csp v1.0.12 h1:6CaIH3IBn92lcwMFdYPmmWsPKq+VZ6n9Po8FI26jLJc=
github.com/gethinode/mod-csp v1.0.12/go.mod h1:Nb22QMicoUHgZQUKP5TCgVrSI8K3KU7jLuLBShmotjg=
github.com/gethinode/mod-flexsearch/v5 v5.0.2 h1:VAHzYLJECrVBvzn5xvM+FoHSP2VwDDPlUrfJDL8G/gg=
github.com/gethinode/mod-flexsearch/v5 v5.0.2/go.mod h1:0kRR1xaAhSYVyVICV5+x5bF8OSpfre1DwLdrK3a5uAA=
github.com/gethinode/mod-fontawesome/v6 v6.0.2 h1:MxaHU7MZIh4pgxtoR6C/F0qiB5eSiySmRpTw9DGIOVs=
github.com/gethinode/mod-fontawesome/v6 v6.0.2/go.mod h1:Zy+hjVhFDU52nkTIn9btbZ1PWy2n203zKHiPG9RVSL0=
github.com/gethinode/mod-fontawesome/v6 v6.1.1 h1:k5Jy7nA+YfLZ9YqXH8hyaiw9wjAeOxNEUcnu6fynnJo=
github.com/gethinode/mod-fontawesome/v6 v6.1.1/go.mod h1:875OBk5te+KBJmr0PdSkFcduYnsKCuHWfcaqChh9NGo=
github.com/gethinode/mod-google-analytics/v2 v2.0.4 h1:ONEUjhfVR6p+Y/XyU3BUGXZy4+HAkJvGo+mr24ugklY=
github.com/gethinode/mod-google-analytics/v2 v2.0.4/go.mod h1:y4ZlacA8FSXjmvn9P8cZshOrBB5Wc+3p0DKSehkk+8E=
github.com/gethinode/mod-katex v1.1.6 h1:mow61stEySb5mH5tUp1l69l2FrLWl+jh46JVT5lMOSA=
github.com/gethinode/mod-katex v1.1.6/go.mod h1:byAfpI3wuqNJIooTGVEGc1cjBhhCy4+CcK1H6495MYg=
github.com/gethinode/mod-leaflet/v3 v3.1.1 h1:Iz8Q+e8s1caHvAb4KN7EnN4ZBnxyCQeUJB62uDmGRVc=
github.com/gethinode/mod-leaflet/v3 v3.1.1/go.mod h1:eiNhr24pY4+MrMCuJF2MAa+c5mPrD90UM4GZxJproic=
github.com/gethinode/mod-lottie/v3 v3.0.2 h1:PJ9BB5s+oli2D5i9apcWu8AowtfyNVb7VAcZfptobT8=
github.com/gethinode/mod-lottie/v3 v3.0.2/go.mod h1:QnNRtZPSwl6x7acJbR4jHNhNNRxbwVv0XsnD1hFcsro=
github.com/gethinode/mod-mermaid/v5 v5.0.1 h1:heGJ9i3rDXAh+qU8N0jSEPhVGOsQwxLpNmB+h1FhTg8=
github.com/gethinode/mod-mermaid/v5 v5.0.1/go.mod h1:3M0XrI6Ginj5EIbXy1xOymv3KsfPuBhD07FEPz1SikI=
github.com/gethinode/mod-simple-datatables/v4 v4.1.0 h1:AtEtLH9RoAEIpElg0k6UkVlHmiBc4Df3NCCUfBtmktU=
github.com/gethinode/mod-simple-datatables/v4 v4.1.0/go.mod h1:jRHoX20bUiaVg7UtKzMjfHQjd5M6WZ8hAeVqA3TKwTA=
github.com/gethinode/mod-utils/v6 v6.6.0 h1:b+xpvPUqDKcQr1LUU4YKqtr7zIpzZ7zxCrlpLtlyr5Y=
github.com/gethinode/mod-utils/v6 v6.6.0/go.mod h1:E5tO9w3VKaidJpu1nI8zAKmh0bddFHOIIQnudAaXQTs=
github.com/nextapps-de/flexsearch v0.0.0-20260529083235-f7ed963096a0 h1:QDKcU3q39lFGzdVwM6kgCGnW3ibbMfYIi0Rwl62iJpo=
github.com/nextapps-de/flexsearch v0.0.0-20260529083235-f7ed963096a0/go.mod h1:5GdMfPAXzbA2gXBqTjC6l27kioSYzHlqDMh0+wyx7sU=
github.com/twbs/bootstrap v5.3.8+incompatible h1:eK1fsXP7R/FWFt+sSNmmvUH9usPocf240nWVw7Dh02o=
github.com/twbs/bootstrap v5.3.8+incompatible/go.mod h1:fZTSrkpSf0/HkL0IIJzvVspTt1r9zuf7XlZau8kpcY0=
