github.com/FortAwesome/Font-Awesome v0.0.0-20260715180930-14c65a3747d0 h1:4+bB2ojsMTsQroHtQr1FWy2gxFzpBn5hISldeRfxF+o=
github.com/FortAwesome/Font-Awesome v0.0.0-20260715180930-14c65a3747d0/go.mod h1:IUgezN/MFpCDIlFezw3L8j83oeiIuYoj28Miwr/KUYo=
github.com/cloudcannon/bookshop/hugo/v3 v3.18.5 h1:AKWzUQpWcBSbJgHQ/5cfPQtGX40bn8vbHBGk4rlHEGE=
github.com/cloudcannon/bookshop/hugo/v3 v3.18.5/go.mod h1:s7mIonDhtsLcn10ZKuVXyqd6BDHI8vT1WQhZw8rPfY8=
github.com/gethinode/mod-blocks/v2 v2.2.5 h1:8glKSX7OENSgbRAp+Bc1JL68Ix3DSWcHWh5dlsNrNsk=
github.com/gethinode/mod-blocks/v2 v2.2.5/go.mod h1:1a4A2RrNSEoqgUjJoNPc2T+JtfPe0GvjHNrxjXauWCA=
github.com/gethinode/mod-bootstrap-icons/v2 v2.0.2 h1:KTQBwRB/1zRO3aS61bH2NNl/uTzelDLFxDjWbrqVKFc=
github.com/gethinode/mod-bootstrap-icons/v2 v2.0.2/go.mod h1:oWYYQyAQgOFwrWwBZ8V+ztMCE7XmNTFbcmh28GWO2IA=
github.com/gethinode/mod-cookieyes/v3 v3.1.0 h1:wan8yGs1bmwrgdySWSCqDbkiAsbTn8nWogwI+qKH6Is=
github.com/gethinode/mod-cookieyes/v3 v3.1.0/go.mod h1:nhLWDG1BCHAPXFdGYYbCrgFbm4XrSOyxbGlZZAeWJsM=
github.com/gethinode/mod-docs v1.15.4 h1:8lkrhuxbg5+XfyW+e0f7XjnIUY9J+kF0IqT7aVNGUZY=
github.com/gethinode/mod-docs v1.15.4/go.mod h1:ru1w0fHqFocjDIMV0dm40OwhBw5k4UncCS8iO/1S5kI=
github.com/gethinode/mod-fontawesome/v6 v6.1.1 h1:k5Jy7nA+YfLZ9YqXH8hyaiw9wjAeOxNEUcnu6fynnJo=
github.com/gethinode/mod-fontawesome/v6 v6.1.1/go.mod h1:875OBk5te+KBJmr0PdSkFcduYnsKCuHWfcaqChh9NGo=
github.com/gethinode/mod-utils/v6 v6.8.0 h1:Rz/6DlPKVW0791jSsobxx4I4pKQ38H4JOEeOV+GeRzU=
github.com/gethinode/mod-utils/v6 v6.8.0/go.mod h1:E5tO9w3VKaidJpu1nI8zAKmh0bddFHOIIQnudAaXQTs=
github.com/twbs/icons v1.13.1 h1:6bmNXvoeIbvjFWjfbjXg5JGbelLD1haIsMaEIzE9UZI=
github.com/twbs/icons v1.13.1/go.mod h1:GnRlymgVWp5iVJCMa0Me5b6tFyGpVc2bSxPMRGIJmyA=
