github.com/FortAwesome/Font-Awesome v0.0.0-20260210181720-337dd2045d56 h1:wZEHFCO5SVesIEn1oBuo3ltK7stDYViJsNT2aGRSXN4=
github.com/FortAwesome/Font-Awesome v0.0.0-20260210181720-337dd2045d56/go.mod h1:IUgezN/MFpCDIlFezw3L8j83oeiIuYoj28Miwr/KUYo=
github.com/cloudcannon/bookshop/hugo/v3 v3.18.2 h1:j3XUvvuCv/7SfGKzd7gzb3WEgs1DurqTRDe7gdMAAvU=
github.com/cloudcannon/bookshop/hugo/v3 v3.18.2/go.mod h1:s7mIonDhtsLcn10ZKuVXyqd6BDHI8vT1WQhZw8rPfY8=
github.com/gethinode/mod-blocks v1.20.0 h1:9tBxHZQYx2rnW4OB4Gj7VszJhafycJMSZsWKc86FI1c=
github.com/gethinode/mod-blocks v1.20.0/go.mod h1:sAMe4iLdX14DQQ8cl0GN6k1TTjZzpRnKQ9OafgN9rAw=
github.com/gethinode/mod-bootstrap-icons v1.4.1 h1:XgP3VU8YiH3FLbF35yltddZKoD6gMC53PYEq3GJ9U4M=
github.com/gethinode/mod-bootstrap-icons v1.4.1/go.mod h1:Zerq06ruLGV3V2IcvG1UDaJzCrNN4KcfgJAM3LXgXm0=
github.com/gethinode/mod-cookieyes/v2 v2.2.6 h1:/DQm8OYpms0On8wuosQER47TplVu/3z7MZHwbBKXCAg=
github.com/gethinode/mod-cookieyes/v2 v2.2.6/go.mod h1:tULb7D7CoTycGUyL7ryqHJKaX11XuL2SN+XwP7/DI0Y=
github.com/gethinode/mod-docs v1.12.0 h1:4OW5viWg7ZZxiSR0Mt9F9MAB3KvVIaEiMwQeFrSBnXo=
github.com/gethinode/mod-docs v1.12.0/go.mod h1:ru1w0fHqFocjDIMV0dm40OwhBw5k4UncCS8iO/1S5kI=
github.com/gethinode/mod-fontawesome/v5 v5.1.0 h1:u3ntQMe1fGntcrljxrbZXA9Q0z2WHlmbPT0sL+Uw1o8=
github.com/gethinode/mod-fontawesome/v5 v5.1.0/go.mod h1:b9nG1pel6LIWiNyb0kZAmyhLo2rrx4dvG2xyoD8tDlk=
github.com/gethinode/mod-utils/v5 v5.21.0 h1:2IIAGCzc9Jiwx2N7Q/2exA4U38gyBv3P7XXc930JO0w=
github.com/gethinode/mod-utils/v5 v5.21.0/go.mod h1:PwQN4oOjA6k/vet11JueJ9asZMgL0DBa3jyS9tPkBWU=
github.com/twbs/icons v1.13.1 h1:6bmNXvoeIbvjFWjfbjXg5JGbelLD1haIsMaEIzE9UZI=
github.com/twbs/icons v1.13.1/go.mod h1:GnRlymgVWp5iVJCMa0Me5b6tFyGpVc2bSxPMRGIJmyA=
