github.com/FortAwesome/Font-Awesome v0.0.0-20260625220317-70fb2dd154b6 h1:slcJCZg0UQMHqw5JCoVmE8/IJfoNUprTmP2T3lDG9VY=
github.com/FortAwesome/Font-Awesome v0.0.0-20260625220317-70fb2dd154b6/go.mod h1:IUgezN/MFpCDIlFezw3L8j83oeiIuYoj28Miwr/KUYo=
github.com/cloudcannon/bookshop/hugo/v3 v3.18.5 h1:AKWzUQpWcBSbJgHQ/5cfPQtGX40bn8vbHBGk4rlHEGE=
github.com/cloudcannon/bookshop/hugo/v3 v3.18.5/go.mod h1:s7mIonDhtsLcn10ZKuVXyqd6BDHI8vT1WQhZw8rPfY8=
github.com/gethinode/mod-blocks/v2 v2.0.2 h1:sVesJml3UDndmfnzUkzljdkX6nu8AdKXdHZQQRCkgg8=
github.com/gethinode/mod-blocks/v2 v2.0.2/go.mod h1:bqogsRCwVHZlsLN/XZmBC25UmralIvYwmRkAcj3601Q=
github.com/gethinode/mod-bootstrap-icons/v2 v2.0.0 h1:ryXa25d/9mXVcPXhOwMtxtAtFkR0M1EPSIuU0xRRDec=
github.com/gethinode/mod-bootstrap-icons/v2 v2.0.0/go.mod h1:0DKJp0goqI0vwOIVa8/yd3tAE0XdUypu1QRoz9K+094=
github.com/gethinode/mod-cookieyes/v2 v2.2.6 h1:/DQm8OYpms0On8wuosQER47TplVu/3z7MZHwbBKXCAg=
github.com/gethinode/mod-cookieyes/v2 v2.2.6/go.mod h1:tULb7D7CoTycGUyL7ryqHJKaX11XuL2SN+XwP7/DI0Y=
github.com/gethinode/mod-docs v1.14.1 h1:+G8IjMi/krhAzvOlB5ODnfQCp6b5ixWyU3D7f/8vdRg=
github.com/gethinode/mod-docs v1.14.1/go.mod h1:ru1w0fHqFocjDIMV0dm40OwhBw5k4UncCS8iO/1S5kI=
github.com/gethinode/mod-fontawesome/v6 v6.0.0 h1:PrfiMfVEAM5Lpnkp+sXOtOdRSOe3l56z+ngrPcACzlA=
github.com/gethinode/mod-fontawesome/v6 v6.0.0/go.mod h1:ayMslv2xpC5cjxUVTkIlFBbOd1LM5ezIr0OSOr6q8Gk=
github.com/gethinode/mod-utils/v6 v6.4.1 h1:jHiJEwSjLp6tqIXayxUQTxILwnM7hWMgYyTYhxFE3ZA=
github.com/gethinode/mod-utils/v6 v6.4.1/go.mod h1:E5tO9w3VKaidJpu1nI8zAKmh0bddFHOIIQnudAaXQTs=
github.com/twbs/icons v1.13.1 h1:6bmNXvoeIbvjFWjfbjXg5JGbelLD1haIsMaEIzE9UZI=
github.com/twbs/icons v1.13.1/go.mod h1:GnRlymgVWp5iVJCMa0Me5b6tFyGpVc2bSxPMRGIJmyA=
